
Microsoft Visual Studio Solution File, Format Version 12.00
# Visual Studio Version 17
VisualStudioVersion = 17.9.34616.47
MinimumVisualStudioVersion = 10.0.40219.1
Project("{9A19103F-16F7-4668-BE54-9A1E7A4F7556}") = "ClaimSystem", "ClaimSystem.csproj", "{F0BE2D8A-F4FF-41F0-8480-DF4178148378}"
EndProject
Project("{FAE04EC0-301F-11D3-BF4B-00C04F79EFBC}") = "ClaimSystem.Tests", "..\ClaimSystem.Tests\ClaimSystem.Tests.csproj", "{92F581BA-5BBA-4561-86C0-04493B811BE1}"
EndProject
Global
	GlobalSection(SolutionConfigurationPlatforms) = preSolution
		Debug|Any CPU = Debug|Any CPU
		Release|Any CPU = Release|Any CPU
	EndGlobalSection
	GlobalSection(ProjectConfigurationPlatforms) = postSolution
		{F0BE2D8A-F4FF-41F0-8480-DF4178148378}.Debug|Any CPU.ActiveCfg = Debug|Any CPU
		{F0BE2D8A-F4FF-41F0-8480-DF4178148378}.Debug|Any CPU.Build.0 = Debug|Any CPU
		{F0BE2D8A-F4FF-41F0-8480-DF4178148378}.Release|Any CPU.ActiveCfg = Release|Any CPU
		{F0BE2D8A-F4FF-41F0-8480-DF4178148378}.Release|Any CPU.Build.0 = Release|Any CPU
		{92F581BA-5BBA-4561-86C0-04493B811BE1}.Debug|Any CPU.ActiveCfg = Debug|Any CPU
		{92F581BA-5BBA-4561-86C0-04493B811BE1}.Debug|Any CPU.Build.0 = Debug|Any CPU
		{92F581BA-5BBA-4561-86C0-04493B811BE1}.Release|Any CPU.ActiveCfg = Release|Any CPU
		{92F581BA-5BBA-4561-86C0-04493B811BE1}.Release|Any CPU.Build.0 = Release|Any CPU
	EndGlobalSection
	GlobalSection(SolutionProperties) = preSolution
		HideSolutionNode = FALSE
	EndGlobalSection
	GlobalSection(ExtensibilityGlobals) = postSolution
		SolutionGuid = {8CCB2789-2220-4A52-913B-DED0255E5337}
	EndGlobalSection
EndGlobal
